{
  "originHash" : "8c656fa80b5fee04294189f19f452bdb9c3ca6d7f19db182909a3dd796bc1144",
  "pins" : [
    {
      "identity" : "connectsdkwrapper",
      "kind" : "localSourceControl",
      "location" : "/Users/stephane.mba/git/netgem-ios/ConnectSDKWrapper",
      "state" : {
        "branch" : "main",
        "revision" : "bb5d6e3127d5ebec616c8bc2eb44e4e0c1ecf7b4"
      }
    }
  ],
  "version" : 3
}
