{
  "originHash" : "669eae5c1d6c0d882886019cb5e588c5d4b00b62d0a3bcf161d56b5abf4c6594",
  "pins" : [
    {
      "identity" : "connectsdkapi",
      "kind" : "remoteSourceControl",
      "location" : "https://github.com/simbaste/ConnectSDKApi.git",
      "state" : {
        "revision" : "726e33311e9af19d4aa6b24aaefb09b15b66cafd",
        "version" : "1.0.14"
      }
    }
  ],
  "version" : 3
}
