{
  "originHash" : "669eae5c1d6c0d882886019cb5e588c5d4b00b62d0a3bcf161d56b5abf4c6594",
  "pins" : [
    {
      "identity" : "connectsdkapi",
      "kind" : "remoteSourceControl",
      "location" : "https://github.com/simbaste/ConnectSDKApi.git",
      "state" : {
        "revision" : "fc0e59bcd353b13c1fdb13a13e8a798e3af74801",
        "version" : "1.0.9"
      }
    }
  ],
  "version" : 3
}
